PODS:
  - AFDateHelper (3.3.0)
  - ReactiveKit (2.0.0-beta3)
  - ReactiveUIKit (2.0.0-beta3):
    - ReactiveKit (~> 2.0.0-beta3)

DEPENDENCIES:
  - AFDateHelper
  - ReactiveKit (= 2.0.0-beta3)
  - ReactiveUIKit (= 2.0.0-beta3)

SPEC CHECKSUMS:
  AFDateHelper: 137b5b9d70fe13b810e1817fa2d8c116d7988f5c
  ReactiveKit: 7e76a2ef81aa3b301932467d688a9ae0831462d2
  ReactiveUIKit: 96c80bec722cfff944b8b018d9ec504f47fcc361

PODFILE CHECKSUM: 2fe93d9d022cafc3f32350fb18eefa5addbda12c

COCOAPODS: 1.0.0.beta.2
